PODS:
  - AFNetworking (4.0.1):
    - AFNetworking/NSURLSession (= 4.0.1)
    - AFNetworking/Reachability (= 4.0.1)
    - AFNetworking/Security (= 4.0.1)
    - AFNetworking/Serialization (= 4.0.1)
    - AFNetworking/UIKit (= 4.0.1)
  - AFNetworking/NSURLSession (4.0.1):
    - AFNetworking/Reachability
    - AFNetworking/Security
    - AFNetworking/Serialization
  - AFNetworking/Reachability (4.0.1)
  - AFNetworking/Security (4.0.1)
  - AFNetworking/Serialization (4.0.1)
  - AFNetworking/UIKit (4.0.1):
    - AFNetworking/NSURLSession
  - AppAuth (1.4.0):
    - AppAuth/Core (= 1.4.0)
    - AppAuth/ExternalUserAgent (= 1.4.0)
  - AppAuth/Core (1.4.0)
  - AppAuth/ExternalUserAgent (1.4.0)
  - Charts (3.4.0):
    - Charts/Core (= 3.4.0)
  - Charts/Core (3.4.0)
  - DTMHeatmap (1.0)
  - PassiveDataKit (0.0.1):
    - AFNetworking (~> 4.0)
    - AppAuth (~> 1.4.0)
    - Charts (~> 3.4.0)
    - DTMHeatmap

DEPENDENCIES:
  - AFNetworking (~> 4.0)
  - DTMHeatmap
  - PassiveDataKit (from `https://github.com/audacious-software/PassiveDataKit-iOS.git`)

SPEC REPOS:
  trunk:
    - AFNetworking
    - AppAuth
    - Charts
    - DTMHeatmap

EXTERNAL SOURCES:
  PassiveDataKit:
    :git: https://github.com/audacious-software/PassiveDataKit-iOS.git

CHECKOUT OPTIONS:
  PassiveDataKit:
    :commit: 4d1d88ad2aaf84082b8425d1e56227315aee2ce8
    :git: https://github.com/audacious-software/PassiveDataKit-iOS.git

SPEC CHECKSUMS:
  AFNetworking: 7864c38297c79aaca1500c33288e429c3451fdce
  AppAuth: 31bcec809a638d7bd2f86ea8a52bd45f6e81e7c7
  Charts: 74c9f256eaf0460c0c416522d1cf8c634ea6b286
  DTMHeatmap: f5588af0730fbfe78c75d6d013f1932d7d327ab2
  PassiveDataKit: c08d4de3fadf9ff1a67f41c66a162e31ad677720

PODFILE CHECKSUM: 466d32bfc5cee4b1f4f97cc1d14af2354f8e1831

COCOAPODS: 1.9.2
