// !$*UTF8*$!
{
	archiveVersion = 1;
	classes = {
	};
	objectVersion = 50;
	objects = {

/* Begin PBXBuildFile section */
		381D8A3724AA3F57000C9950 /* PDKLocation.framework in Frameworks */ = {isa = PBXBuildFile; fileRef = 381D8A2D24AA3F57000C9950 /* PDKLocation.framework */; };
		381D8A3C24AA3F57000C9950 /* PDKLocationTests.m in Sources */ = {isa = PBXBuildFile; fileRef = 381D8A3B24AA3F57000C9950 /* PDKLocationTests.m */; };
		381D8A3E24AA3F57000C9950 /* PDKLocation.h in Headers */ = {isa = PBXBuildFile; fileRef = 381D8A3024AA3F57000C9950 /* PDKLocation.h */; settings = {ATTRIBUTES = (Public, ); }; };
		381D8A4824AA425B000C9950 /* PDKLocation.m in Sources */ = {isa = PBXBuildFile; fileRef = 381D8A4724AA425B000C9950 /* PDKLocation.m */; };
		381D8A5424AA43B1000C9950 /* PDKDarkSkyWeatherGenerator.m in Sources */ = {isa = PBXBuildFile; fileRef = 381D8A4C24AA43B1000C9950 /* PDKDarkSkyWeatherGenerator.m */; };
		381D8A5524AA43B1000C9950 /* PDKGooglePlacesGenerator.m in Sources */ = {isa = PBXBuildFile; fileRef = 381D8A4D24AA43B1000C9950 /* PDKGooglePlacesGenerator.m */; };
		381D8A5624AA43B1000C9950 /* PDKDarkSkyWeatherGenerator.h in Headers */ = {isa = PBXBuildFile; fileRef = 381D8A4E24AA43B1000C9950 /* PDKDarkSkyWeatherGenerator.h */; };
		381D8A5724AA43B1000C9950 /* PDKLocationGenerator.h in Headers */ = {isa = PBXBuildFile; fileRef = 381D8A4F24AA43B1000C9950 /* PDKLocationGenerator.h */; };
		381D8A5824AA43B1000C9950 /* PDKGeofencesGenerator.m in Sources */ = {isa = PBXBuildFile; fileRef = 381D8A5024AA43B1000C9950 /* PDKGeofencesGenerator.m */; };
		381D8A5924AA43B1000C9950 /* PDKLocationGenerator.m in Sources */ = {isa = PBXBuildFile; fileRef = 381D8A5124AA43B1000C9950 /* PDKLocationGenerator.m */; };
		381D8A5A24AA43B1000C9950 /* PDKGeofencesGenerator.h in Headers */ = {isa = PBXBuildFile; fileRef = 381D8A5224AA43B1000C9950 /* PDKGeofencesGenerator.h */; };
		381D8A5B24AA43B1000C9950 /* PDKGooglePlacesGenerator.h in Headers */ = {isa = PBXBuildFile; fileRef = 381D8A5324AA43B1000C9950 /* PDKGooglePlacesGenerator.h */; };
		381D8A6024AA43BC000C9950 /* PDKLocationAnnotation.m in Sources */ = {isa = PBXBuildFile; fileRef = 381D8A5C24AA43BC000C9950 /* PDKLocationAnnotation.m */; };
		381D8A6124AA43BC000C9950 /* PDKLocationAnnotation.h in Headers */ = {isa = PBXBuildFile; fileRef = 381D8A5D24AA43BC000C9950 /* PDKLocationAnnotation.h */; };
		381D8A6224AA43BC000C9950 /* PDKLocationGeneratorViewController.m in Sources */ = {isa = PBXBuildFile; fileRef = 381D8A5E24AA43BC000C9950 /* PDKLocationGeneratorViewController.m */; };
		381D8A6324AA43BC000C9950 /* PDKLocationGeneratorViewController.h in Headers */ = {isa = PBXBuildFile; fileRef = 381D8A5F24AA43BC000C9950 /* PDKLocationGeneratorViewController.h */; };
/* End PBXBuildFile section */

/* Begin PBXContainerItemProxy section */
		381D8A3824AA3F57000C9950 /* PBXContainerItemProxy */ = {
			isa = PBXContainerItemProxy;
			containerPortal = 381D8A2424AA3F57000C9950 /* Project object */;
			proxyType = 1;
			remoteGlobalIDString = 381D8A2C24AA3F57000C9950;
			remoteInfo = PDKLocation;
		};
/* End PBXContainerItemProxy section */

/* Begin PBXFileReference section */
		381D8A2D24AA3F57000C9950 /* PDKLocation.framework */ = {isa = PBXFileReference; explicitFileType = wrapper.framework; includeInIndex = 0; path = PDKLocation.framework; sourceTree = BUILT_PRODUCTS_DIR; };
		381D8A3024AA3F57000C9950 /* PDKLocation.h */ = {isa = PBXFileReference; lastKnownFileType = sourcecode.c.h; name = PDKLocation.h; path = Source/PDKLocation.h; sourceTree = "<group>"; };
		381D8A3124AA3F57000C9950 /* Info.plist */ = {isa = PBXFileReference; lastKnownFileType = text.plist.xml; path = Info.plist; sourceTree = "<group>"; };
		381D8A3624AA3F57000C9950 /* PDKLocationTests.xctest */ = {isa = PBXFileReference; explicitFileType = wrapper.cfbundle; includeInIndex = 0; path = PDKLocationTests.xctest; sourceTree = BUILT_PRODUCTS_DIR; };
		381D8A3B24AA3F57000C9950 /* PDKLocationTests.m */ = {isa = PBXFileReference; lastKnownFileType = sourcecode.c.objc; path = PDKLocationTests.m; sourceTree = "<group>"; };
		381D8A3D24AA3F57000C9950 /* Info.plist */ = {isa = PBXFileReference; lastKnownFileType = text.plist.xml; path = Info.plist; sourceTree = "<group>"; };
		381D8A4724AA425B000C9950 /* PDKLocation.m */ = {isa = PBXFileReference; lastKnownFileType = sourcecode.c.objc; name = PDKLocation.m; path = Source/PDKLocation.m; sourceTree = "<group>"; };
		381D8A4C24AA43B1000C9950 /* PDKDarkSkyWeatherGenerator.m */ = {isa = PBXFileReference; fileEncoding = 4; lastKnownFileType = sourcecode.c.objc; name = PDKDarkSkyWeatherGenerator.m; path = Source/Generators/PDKDarkSkyWeatherGenerator.m; sourceTree = "<group>"; };
		381D8A4D24AA43B1000C9950 /* PDKGooglePlacesGenerator.m */ = {isa = PBXFileReference; fileEncoding = 4; lastKnownFileType = sourcecode.c.objc; name = PDKGooglePlacesGenerator.m; path = Source/Generators/PDKGooglePlacesGenerator.m; sourceTree = "<group>"; };
		381D8A4E24AA43B1000C9950 /* PDKDarkSkyWeatherGenerator.h */ = {isa = PBXFileReference; fileEncoding = 4; lastKnownFileType = sourcecode.c.h; name = PDKDarkSkyWeatherGenerator.h; path = Source/Generators/PDKDarkSkyWeatherGenerator.h; sourceTree = "<group>"; };
		381D8A4F24AA43B1000C9950 /* PDKLocationGenerator.h */ = {isa = PBXFileReference; fileEncoding = 4; lastKnownFileType = sourcecode.c.h; name = PDKLocationGenerator.h; path = Source/Generators/PDKLocationGenerator.h; sourceTree = "<group>"; };
		381D8A5024AA43B1000C9950 /* PDKGeofencesGenerator.m */ = {isa = PBXFileReference; fileEncoding = 4; lastKnownFileType = sourcecode.c.objc; name = PDKGeofencesGenerator.m; path = Source/Generators/PDKGeofencesGenerator.m; sourceTree = "<group>"; };
		381D8A5124AA43B1000C9950 /* PDKLocationGenerator.m */ = {isa = PBXFileReference; fileEncoding = 4; lastKnownFileType = sourcecode.c.objc; name = PDKLocationGenerator.m; path = Source/Generators/PDKLocationGenerator.m; sourceTree = "<group>"; };
		381D8A5224AA43B1000C9950 /* PDKGeofencesGenerator.h */ = {isa = PBXFileReference; fileEncoding = 4; lastKnownFileType = sourcecode.c.h; name = PDKGeofencesGenerator.h; path = Source/Generators/PDKGeofencesGenerator.h; sourceTree = "<group>"; };
		381D8A5324AA43B1000C9950 /* PDKGooglePlacesGenerator.h */ = {isa = PBXFileReference; fileEncoding = 4; lastKnownFileType = sourcecode.c.h; name = PDKGooglePlacesGenerator.h; path = Source/Generators/PDKGooglePlacesGenerator.h; sourceTree = "<group>"; };
		381D8A5C24AA43BC000C9950 /* PDKLocationAnnotation.m */ = {isa = PBXFileReference; fileEncoding = 4; lastKnownFileType = sourcecode.c.objc; name = PDKLocationAnnotation.m; path = Source/Interface/PDKLocationAnnotation.m; sourceTree = "<group>"; };
		381D8A5D24AA43BC000C9950 /* PDKLocationAnnotation.h */ = {isa = PBXFileReference; fileEncoding = 4; lastKnownFileType = sourcecode.c.h; name = PDKLocationAnnotation.h; path = Source/Interface/PDKLocationAnnotation.h; sourceTree = "<group>"; };
		381D8A5E24AA43BC000C9950 /* PDKLocationGeneratorViewController.m */ = {isa = PBXFileReference; fileEncoding = 4; lastKnownFileType = sourcecode.c.objc; name = PDKLocationGeneratorViewController.m; path = Source/Interface/PDKLocationGeneratorViewController.m; sourceTree = "<group>"; };
		381D8A5F24AA43BC000C9950 /* PDKLocationGeneratorViewController.h */ = {isa = PBXFileReference; fileEncoding = 4; lastKnownFileType = sourcecode.c.h; name = PDKLocationGeneratorViewController.h; path = Source/Interface/PDKLocationGeneratorViewController.h; sourceTree = "<group>"; };
/* End PBXFileReference section */

/* Begin PBXFrameworksBuildPhase section */
		381D8A2A24AA3F57000C9950 /* Frameworks */ = {
			isa = PBXFrameworksBuildPhase;
			buildActionMask = 2147483647;
			files = (
			);
			runOnlyForDeploymentPostprocessing = 0;
		};
		381D8A3324AA3F57000C9950 /* Frameworks */ = {
			isa = PBXFrameworksBuildPhase;
			buildActionMask = 2147483647;
			files = (
				381D8A3724AA3F57000C9950 /* PDKLocation.framework in Frameworks */,
			);
			runOnlyForDeploymentPostprocessing = 0;
		};
/* End PBXFrameworksBuildPhase section */

/* Begin PBXGroup section */
		381D8A2324AA3F57000C9950 = {
			isa = PBXGroup;
			children = (
				381D8A2F24AA3F57000C9950 /* PDKLocation */,
				381D8A3A24AA3F57000C9950 /* PDKLocationTests */,
				381D8A2E24AA3F57000C9950 /* Products */,
			);
			sourceTree = "<group>";
		};
		381D8A2E24AA3F57000C9950 /* Products */ = {
			isa = PBXGroup;
			children = (
				381D8A2D24AA3F57000C9950 /* PDKLocation.framework */,
				381D8A3624AA3F57000C9950 /* PDKLocationTests.xctest */,
			);
			name = Products;
			sourceTree = "<group>";
		};
		381D8A2F24AA3F57000C9950 /* PDKLocation */ = {
			isa = PBXGroup;
			children = (
				381D8A4924AA438A000C9950 /* Source */,
				381D8A3124AA3F57000C9950 /* Info.plist */,
			);
			path = PDKLocation;
			sourceTree = "<group>";
		};
		381D8A3A24AA3F57000C9950 /* PDKLocationTests */ = {
			isa = PBXGroup;
			children = (
				381D8A3B24AA3F57000C9950 /* PDKLocationTests.m */,
				381D8A3D24AA3F57000C9950 /* Info.plist */,
			);
			path = PDKLocationTests;
			sourceTree = "<group>";
		};
		381D8A4924AA438A000C9950 /* Source */ = {
			isa = PBXGroup;
			children = (
				381D8A4A24AA4395000C9950 /* Generators */,
				381D8A4B24AA439D000C9950 /* Interface */,
				381D8A3024AA3F57000C9950 /* PDKLocation.h */,
				381D8A4724AA425B000C9950 /* PDKLocation.m */,
			);
			name = Source;
			sourceTree = "<group>";
		};
		381D8A4A24AA4395000C9950 /* Generators */ = {
			isa = PBXGroup;
			children = (
				381D8A4E24AA43B1000C9950 /* PDKDarkSkyWeatherGenerator.h */,
				381D8A4C24AA43B1000C9950 /* PDKDarkSkyWeatherGenerator.m */,
				381D8A5224AA43B1000C9950 /* PDKGeofencesGenerator.h */,
				381D8A5024AA43B1000C9950 /* PDKGeofencesGenerator.m */,
				381D8A5324AA43B1000C9950 /* PDKGooglePlacesGenerator.h */,
				381D8A4D24AA43B1000C9950 /* PDKGooglePlacesGenerator.m */,
				381D8A4F24AA43B1000C9950 /* PDKLocationGenerator.h */,
				381D8A5124AA43B1000C9950 /* PDKLocationGenerator.m */,
			);
			name = Generators;
			sourceTree = "<group>";
		};
		381D8A4B24AA439D000C9950 /* Interface */ = {
			isa = PBXGroup;
			children = (
				381D8A5D24AA43BC000C9950 /* PDKLocationAnnotation.h */,
				381D8A5C24AA43BC000C9950 /* PDKLocationAnnotation.m */,
				381D8A5F24AA43BC000C9950 /* PDKLocationGeneratorViewController.h */,
				381D8A5E24AA43BC000C9950 /* PDKLocationGeneratorViewController.m */,
			);
			name = Interface;
			sourceTree = "<group>";
		};
/* End PBXGroup section */

/* Begin PBXHeadersBuildPhase section */
		381D8A2824AA3F57000C9950 /* Headers */ = {
			isa = PBXHeadersBuildPhase;
			buildActionMask = 2147483647;
			files = (
				381D8A3E24AA3F57000C9950 /* PDKLocation.h in Headers */,
				381D8A5724AA43B1000C9950 /* PDKLocationGenerator.h in Headers */,
				381D8A6124AA43BC000C9950 /* PDKLocationAnnotation.h in Headers */,
				381D8A5B24AA43B1000C9950 /* PDKGooglePlacesGenerator.h in Headers */,
				381D8A5A24AA43B1000C9950 /* PDKGeofencesGenerator.h in Headers */,
				381D8A6324AA43BC000C9950 /* PDKLocationGeneratorViewController.h in Headers */,
				381D8A5624AA43B1000C9950 /* PDKDarkSkyWeatherGenerator.h in Headers */,
			);
			runOnlyForDeploymentPostprocessing = 0;
		};
/* End PBXHeadersBuildPhase section */

/* Begin PBXNativeTarget section */
		381D8A2C24AA3F57000C9950 /* PDKLocation */ = {
			isa = PBXNativeTarget;
			buildConfigurationList = 381D8A4124AA3F57000C9950 /* Build configuration list for PBXNativeTarget "PDKLocation" */;
			buildPhases = (
				381D8A2824AA3F57000C9950 /* Headers */,
				381D8A2924AA3F57000C9950 /* Sources */,
				381D8A2A24AA3F57000C9950 /* Frameworks */,
				381D8A2B24AA3F57000C9950 /* Resources */,
			);
			buildRules = (
			);
			dependencies = (
			);
			name = PDKLocation;
			productName = PDKLocation;
			productReference = 381D8A2D24AA3F57000C9950 /* PDKLocation.framework */;
			productType = "com.apple.product-type.framework";
		};
		381D8A3524AA3F57000C9950 /* PDKLocationTests */ = {
			isa = PBXNativeTarget;
			buildConfigurationList = 381D8A4424AA3F57000C9950 /* Build configuration list for PBXNativeTarget "PDKLocationTests" */;
			buildPhases = (
				381D8A3224AA3F57000C9950 /* Sources */,
				381D8A3324AA3F57000C9950 /* Frameworks */,
				381D8A3424AA3F57000C9950 /* Resources */,
			);
			buildRules = (
			);
			dependencies = (
				381D8A3924AA3F57000C9950 /* PBXTargetDependency */,
			);
			name = PDKLocationTests;
			productName = PDKLocationTests;
			productReference = 381D8A3624AA3F57000C9950 /* PDKLocationTests.xctest */;
			productType = "com.apple.product-type.bundle.unit-test";
		};
/* End PBXNativeTarget section */

/* Begin PBXProject section */
		381D8A2424AA3F57000C9950 /* Project object */ = {
			isa = PBXProject;
			attributes = {
				LastUpgradeCheck = 1150;
				ORGANIZATIONNAME = "Audacious Software";
				TargetAttributes = {
					381D8A2C24AA3F57000C9950 = {
						CreatedOnToolsVersion = 11.5;
					};
					381D8A3524AA3F57000C9950 = {
						CreatedOnToolsVersion = 11.5;
					};
				};
			};
			buildConfigurationList = 381D8A2724AA3F57000C9950 /* Build configuration list for PBXProject "PDKLocation" */;
			compatibilityVersion = "Xcode 9.3";
			developmentRegion = en;
			hasScannedForEncodings = 0;
			knownRegions = (
				en,
				Base,
			);
			mainGroup = 381D8A2324AA3F57000C9950;
			productRefGroup = 381D8A2E24AA3F57000C9950 /* Products */;
			projectDirPath = "";
			projectRoot = "";
			targets = (
				381D8A2C24AA3F57000C9950 /* PDKLocation */,
				381D8A3524AA3F57000C9950 /* PDKLocationTests */,
			);
		};
/* End PBXProject section */

/* Begin PBXResourcesBuildPhase section */
		381D8A2B24AA3F57000C9950 /* Resources */ = {
			isa = PBXResourcesBuildPhase;
			buildActionMask = 2147483647;
			files = (
			);
			runOnlyForDeploymentPostprocessing = 0;
		};
		381D8A3424AA3F57000C9950 /* Resources */ = {
			isa = PBXResourcesBuildPhase;
			buildActionMask = 2147483647;
			files = (
			);
			runOnlyForDeploymentPostprocessing = 0;
		};
/* End PBXResourcesBuildPhase section */

/* Begin PBXSourcesBuildPhase section */
		381D8A2924AA3F57000C9950 /* Sources */ = {
			isa = PBXSourcesBuildPhase;
			buildActionMask = 2147483647;
			files = (
				381D8A5424AA43B1000C9950 /* PDKDarkSkyWeatherGenerator.m in Sources */,
				381D8A4824AA425B000C9950 /* PDKLocation.m in Sources */,
				381D8A5924AA43B1000C9950 /* PDKLocationGenerator.m in Sources */,
				381D8A5524AA43B1000C9950 /* PDKGooglePlacesGenerator.m in Sources */,
				381D8A5824AA43B1000C9950 /* PDKGeofencesGenerator.m in Sources */,
				381D8A6024AA43BC000C9950 /* PDKLocationAnnotation.m in Sources */,
				381D8A6224AA43BC000C9950 /* PDKLocationGeneratorViewController.m in Sources */,
			);
			runOnlyForDeploymentPostprocessing = 0;
		};
		381D8A3224AA3F57000C9950 /* Sources */ = {
			isa = PBXSourcesBuildPhase;
			buildActionMask = 2147483647;
			files = (
				381D8A3C24AA3F57000C9950 /* PDKLocationTests.m in Sources */,
			);
			runOnlyForDeploymentPostprocessing = 0;
		};
/* End PBXSourcesBuildPhase section */

/* Begin PBXTargetDependency section */
		381D8A3924AA3F57000C9950 /* PBXTargetDependency */ = {
			isa = PBXTargetDependency;
			target = 381D8A2C24AA3F57000C9950 /* PDKLocation */;
			targetProxy = 381D8A3824AA3F57000C9950 /* PBXContainerItemProxy */;
		};
/* End PBXTargetDependency section */

/* Begin XCBuildConfiguration section */
		381D8A3F24AA3F57000C9950 /* Debug */ = {
			isa = XCBuildConfiguration;
			buildSettings = {
				ALWAYS_SEARCH_USER_PATHS = NO;
				CLANG_ANALYZER_NONNULL = YES;
				CLANG_ANALYZER_NUMBER_OBJECT_CONVERSION = YES_AGGRESSIVE;
				CLANG_CXX_LANGUAGE_STANDARD = "gnu++14";
				CLANG_CXX_LIBRARY = "libc++";
				CLANG_ENABLE_MODULES = YES;
				CLANG_ENABLE_OBJC_ARC = YES;
				CLANG_ENABLE_OBJC_WEAK = YES;
				CLANG_WARN_BLOCK_CAPTURE_AUTORELEASING = YES;
				CLANG_WARN_BOOL_CONVERSION = YES;
				CLANG_WARN_COMMA = YES;
				CLANG_WARN_CONSTANT_CONVERSION = YES;
				CLANG_WARN_DEPRECATED_OBJC_IMPLEMENTATIONS = YES;
				CLANG_WARN_DIRECT_OBJC_ISA_USAGE = YES_ERROR;
				CLANG_WARN_DOCUMENTATION_COMMENTS = YES;
				CLANG_WARN_EMPTY_BODY = YES;
				CLANG_WARN_ENUM_CONVERSION = YES;
				CLANG_WARN_INFINITE_RECURSION = YES;
				CLANG_WARN_INT_CONVERSION = YES;
				CLANG_WARN_NON_LITERAL_NULL_CONVERSION = YES;
				CLANG_WARN_OBJC_IMPLICIT_RETAIN_SELF = YES;
				CLANG_WARN_OBJC_LITERAL_CONVERSION = YES;
				CLANG_WARN_OBJC_ROOT_CLASS = YES_ERROR;
				CLANG_WARN_RANGE_LOOP_ANALYSIS = YES;
				CLANG_WARN_STRICT_PROTOTYPES = YES;
				CLANG_WARN_SUSPICIOUS_MOVE = YES;
				CLANG_WARN_UNGUARDED_AVAILABILITY = YES_AGGRESSIVE;
				CLANG_WARN_UNREACHABLE_CODE = YES;
				CLANG_WARN__DUPLICATE_METHOD_MATCH = YES;
				COPY_PHASE_STRIP = NO;
				CURRENT_PROJECT_VERSION = 1;
				DEBUG_INFORMATION_FORMAT = dwarf;
				ENABLE_STRICT_OBJC_MSGSEND = YES;
				ENABLE_TESTABILITY = YES;
				GCC_C_LANGUAGE_STANDARD = gnu11;
				GCC_DYNAMIC_NO_PIC = NO;
				GCC_NO_COMMON_BLOCKS = YES;
				GCC_OPTIMIZATION_LEVEL = 0;
				GCC_PREPROCESSOR_DEFINITIONS = (
					"DEBUG=1",
					"$(inherited)",
				);
				GCC_WARN_64_TO_32_BIT_CONVERSION = YES;
				GCC_WARN_ABOUT_RETURN_TYPE = YES_ERROR;
				GCC_WARN_UNDECLARED_SELECTOR = YES;
				GCC_WARN_UNINITIALIZED_AUTOS = YES_AGGRESSIVE;
				GCC_WARN_UNUSED_FUNCTION = YES;
				GCC_WARN_UNUSED_VARIABLE = YES;
				IPHONEOS_DEPLOYMENT_TARGET = 13.5;
				MTL_ENABLE_DEBUG_INFO = INCLUDE_SOURCE;
				MTL_FAST_MATH = YES;
				ONLY_ACTIVE_ARCH = YES;
				SDKROOT = iphoneos;
				VERSIONING_SYSTEM = "apple-generic";
				VERSION_INFO_PREFIX = "";
			};
			name = Debug;
		};
		381D8A4024AA3F57000C9950 /* Release */ = {
			isa = XCBuildConfiguration;
			buildSettings = {
				ALWAYS_SEARCH_USER_PATHS = NO;
				CLANG_ANALYZER_NONNULL = YES;
				CLANG_ANALYZER_NUMBER_OBJECT_CONVERSION = YES_AGGRESSIVE;
				CLANG_CXX_LANGUAGE_STANDARD = "gnu++14";
				CLANG_CXX_LIBRARY = "libc++";
				CLANG_ENABLE_MODULES = YES;
				CLANG_ENABLE_OBJC_ARC = YES;
				CLANG_ENABLE_OBJC_WEAK = YES;
				CLANG_WARN_BLOCK_CAPTURE_AUTORELEASING = YES;
				CLANG_WARN_BOOL_CONVERSION = YES;
				CLANG_WARN_COMMA = YES;
				CLANG_WARN_CONSTANT_CONVERSION = YES;
				CLANG_WARN_DEPRECATED_OBJC_IMPLEMENTATIONS = YES;
				CLANG_WARN_DIRECT_OBJC_ISA_USAGE = YES_ERROR;
				CLANG_WARN_DOCUMENTATION_COMMENTS = YES;
				CLANG_WARN_EMPTY_BODY = YES;
				CLANG_WARN_ENUM_CONVERSION = YES;
				CLANG_WARN_INFINITE_RECURSION = YES;
				CLANG_WARN_INT_CONVERSION = YES;
				CLANG_WARN_NON_LITERAL_NULL_CONVERSION = YES;
				CLANG_WARN_OBJC_IMPLICIT_RETAIN_SELF = YES;
				CLANG_WARN_OBJC_LITERAL_CONVERSION = YES;
				CLANG_WARN_OBJC_ROOT_CLASS = YES_ERROR;
				CLANG_WARN_RANGE_LOOP_ANALYSIS = YES;
				CLANG_WARN_STRICT_PROTOTYPES = YES;
				CLANG_WARN_SUSPICIOUS_MOVE = YES;
				CLANG_WARN_UNGUARDED_AVAILABILITY = YES_AGGRESSIVE;
				CLANG_WARN_UNREACHABLE_CODE = YES;
				CLANG_WARN__DUPLICATE_METHOD_MATCH = YES;
				COPY_PHASE_STRIP = NO;
				CURRENT_PROJECT_VERSION = 1;
				DEBUG_INFORMATION_FORMAT = "dwarf-with-dsym";
				ENABLE_NS_ASSERTIONS = NO;
				ENABLE_STRICT_OBJC_MSGSEND = YES;
				GCC_C_LANGUAGE_STANDARD = gnu11;
				GCC_NO_COMMON_BLOCKS = YES;
				GCC_WARN_64_TO_32_BIT_CONVERSION = YES;
				GCC_WARN_ABOUT_RETURN_TYPE = YES_ERROR;
				GCC_WARN_UNDECLARED_SELECTOR = YES;
				GCC_WARN_UNINITIALIZED_AUTOS = YES_AGGRESSIVE;
				GCC_WARN_UNUSED_FUNCTION = YES;
				GCC_WARN_UNUSED_VARIABLE = YES;
				IPHONEOS_DEPLOYMENT_TARGET = 13.5;
				MTL_ENABLE_DEBUG_INFO = NO;
				MTL_FAST_MATH = YES;
				SDKROOT = iphoneos;
				VALIDATE_PRODUCT = YES;
				VERSIONING_SYSTEM = "apple-generic";
				VERSION_INFO_PREFIX = "";
			};
			name = Release;
		};
		381D8A4224AA3F57000C9950 /* Debug */ = {
			isa = XCBuildConfiguration;
			buildSettings = {
				CODE_SIGN_STYLE = Automatic;
				DEFINES_MODULE = YES;
				DEVELOPMENT_TEAM = V664K3X7J4;
				DYLIB_COMPATIBILITY_VERSION = 1;
				DYLIB_CURRENT_VERSION = 1;
				DYLIB_INSTALL_NAME_BASE = "@rpath";
				INFOPLIST_FILE = PDKLocation/Info.plist;
				INSTALL_PATH = "$(LOCAL_LIBRARY_DIR)/Frameworks";
				LD_RUNPATH_SEARCH_PATHS = (
					"$(inherited)",
					"@executable_path/Frameworks",
					"@loader_path/Frameworks",
				);
				PRODUCT_BUNDLE_IDENTIFIER = "com.audacious-software.PassiveDataKit.Location.PDKLocation";
				PRODUCT_NAME = "$(TARGET_NAME:c99extidentifier)";
				SKIP_INSTALL = YES;
				TARGETED_DEVICE_FAMILY = "1,2";
			};
			name = Debug;
		};
		381D8A4324AA3F57000C9950 /* Release */ = {
			isa = XCBuildConfiguration;
			buildSettings = {
				CODE_SIGN_STYLE = Automatic;
				DEFINES_MODULE = YES;
				DEVELOPMENT_TEAM = V664K3X7J4;
				DYLIB_COMPATIBILITY_VERSION = 1;
				DYLIB_CURRENT_VERSION = 1;
				DYLIB_INSTALL_NAME_BASE = "@rpath";
				INFOPLIST_FILE = PDKLocation/Info.plist;
				INSTALL_PATH = "$(LOCAL_LIBRARY_DIR)/Frameworks";
				LD_RUNPATH_SEARCH_PATHS = (
					"$(inherited)",
					"@executable_path/Frameworks",
					"@loader_path/Frameworks",
				);
				PRODUCT_BUNDLE_IDENTIFIER = "com.audacious-software.PassiveDataKit.Location.PDKLocation";
				PRODUCT_NAME = "$(TARGET_NAME:c99extidentifier)";
				SKIP_INSTALL = YES;
				TARGETED_DEVICE_FAMILY = "1,2";
			};
			name = Release;
		};
		381D8A4524AA3F57000C9950 /* Debug */ = {
			isa = XCBuildConfiguration;
			buildSettings = {
				CODE_SIGN_STYLE = Automatic;
				DEVELOPMENT_TEAM = V664K3X7J4;
				INFOPLIST_FILE = PDKLocationTests/Info.plist;
				LD_RUNPATH_SEARCH_PATHS = (
					"$(inherited)",
					"@executable_path/Frameworks",
					"@loader_path/Frameworks",
				);
				PRODUCT_BUNDLE_IDENTIFIER = "com.audacious-software.PassiveDataKit.Location.PDKLocationTests";
				PRODUCT_NAME = "$(TARGET_NAME)";
				TARGETED_DEVICE_FAMILY = "1,2";
			};
			name = Debug;
		};
		381D8A4624AA3F57000C9950 /* Release */ = {
			isa = XCBuildConfiguration;
			buildSettings = {
				CODE_SIGN_STYLE = Automatic;
				DEVELOPMENT_TEAM = V664K3X7J4;
				INFOPLIST_FILE = PDKLocationTests/Info.plist;
				LD_RUNPATH_SEARCH_PATHS = (
					"$(inherited)",
					"@executable_path/Frameworks",
					"@loader_path/Frameworks",
				);
				PRODUCT_BUNDLE_IDENTIFIER = "com.audacious-software.PassiveDataKit.Location.PDKLocationTests";
				PRODUCT_NAME = "$(TARGET_NAME)";
				TARGETED_DEVICE_FAMILY = "1,2";
			};
			name = Release;
		};
/* End XCBuildConfiguration section */

/* Begin XCConfigurationList section */
		381D8A2724AA3F57000C9950 /* Build configuration list for PBXProject "PDKLocation" */ = {
			isa = XCConfigurationList;
			buildConfigurations = (
				381D8A3F24AA3F57000C9950 /* Debug */,
				381D8A4024AA3F57000C9950 /* Release */,
			);
			defaultConfigurationIsVisible = 0;
			defaultConfigurationName = Release;
		};
		381D8A4124AA3F57000C9950 /* Build configuration list for PBXNativeTarget "PDKLocation" */ = {
			isa = XCConfigurationList;
			buildConfigurations = (
				381D8A4224AA3F57000C9950 /* Debug */,
				381D8A4324AA3F57000C9950 /* Release */,
			);
			defaultConfigurationIsVisible = 0;
			defaultConfigurationName = Release;
		};
		381D8A4424AA3F57000C9950 /* Build configuration list for PBXNativeTarget "PDKLocationTests" */ = {
			isa = XCConfigurationList;
			buildConfigurations = (
				381D8A4524AA3F57000C9950 /* Debug */,
				381D8A4624AA3F57000C9950 /* Release */,
			);
			defaultConfigurationIsVisible = 0;
			defaultConfigurationName = Release;
		};
/* End XCConfigurationList section */
	};
	rootObject = 381D8A2424AA3F57000C9950 /* Project object */;
}
